
Microsoft Visual Studio Solution File, Format Version 12.00
# Visual Studio Version 16
VisualStudioVersion = 16.0.32802.440
MinimumVisualStudioVersion = 10.0.40219.1
Project("{8BC9CEB8-8B4A-11D0-8D11-00A0C91BC942}") = "Exercise 2", "Exercise 2.vcxproj", "{920718E8-7A06-4B31-BD9C-57B38C2BCAC6}"
EndProject
Global
	GlobalSection(SolutionConfigurationPlatforms) = preSolution
		Debug|x64 = Debug|x64
		Debug|x86 = Debug|x86
		Release|x64 = Release|x64
		Release|x86 = Release|x86
	EndGlobalSection
	GlobalSection(ProjectConfigurationPlatforms) = postSolution
		{920718E8-7A06-4B31-BD9C-57B38C2BCAC6}.Debug|x64.ActiveCfg = Debug|x64
		{920718E8-7A06-4B31-BD9C-57B38C2BCAC6}.Debug|x64.Build.0 = Debug|x64
		{920718E8-7A06-4B31-BD9C-57B38C2BCAC6}.Debug|x86.ActiveCfg = Debug|Win32
		{920718E8-7A06-4B31-BD9C-57B38C2BCAC6}.Debug|x86.Build.0 = Debug|Win32
		{920718E8-7A06-4B31-BD9C-57B38C2BCAC6}.Release|x64.ActiveCfg = Release|x64
		{920718E8-7A06-4B31-BD9C-57B38C2BCAC6}.Release|x64.Build.0 = Release|x64
		{920718E8-7A06-4B31-BD9C-57B38C2BCAC6}.Release|x86.ActiveCfg = Release|Win32
		{920718E8-7A06-4B31-BD9C-57B38C2BCAC6}.Release|x86.Build.0 = Release|Win32
	EndGlobalSection
	GlobalSection(SolutionProperties) = preSolution
		HideSolutionNode = FALSE
	EndGlobalSection
	GlobalSection(ExtensibilityGlobals) = postSolution
		SolutionGuid = {2FE14FF3-2B50-4069-BFE7-1F22413D287B}
	EndGlobalSection
EndGlobal
