
Microsoft Visual Studio Solution File, Format Version 12.00
# Visual Studio Version 16
VisualStudioVersion = 16.0.32802.440
MinimumVisualStudioVersion = 10.0.40219.1
Project("{8BC9CEB8-8B4A-11D0-8D11-00A0C91BC942}") = "Exercise 1", "Exercise 1.vcxproj", "{0AA53A8D-F16F-43FF-9291-CB4190E0B288}"
EndProject
Global
	GlobalSection(SolutionConfigurationPlatforms) = preSolution
		Debug|x64 = Debug|x64
		Debug|x86 = Debug|x86
		Release|x64 = Release|x64
		Release|x86 = Release|x86
	EndGlobalSection
	GlobalSection(ProjectConfigurationPlatforms) = postSolution
		{0AA53A8D-F16F-43FF-9291-CB4190E0B288}.Debug|x64.ActiveCfg = Debug|x64
		{0AA53A8D-F16F-43FF-9291-CB4190E0B288}.Debug|x64.Build.0 = Debug|x64
		{0AA53A8D-F16F-43FF-9291-CB4190E0B288}.Debug|x86.ActiveCfg = Debug|Win32
		{0AA53A8D-F16F-43FF-9291-CB4190E0B288}.Debug|x86.Build.0 = Debug|Win32
		{0AA53A8D-F16F-43FF-9291-CB4190E0B288}.Release|x64.ActiveCfg = Release|x64
		{0AA53A8D-F16F-43FF-9291-CB4190E0B288}.Release|x64.Build.0 = Release|x64
		{0AA53A8D-F16F-43FF-9291-CB4190E0B288}.Release|x86.ActiveCfg = Release|Win32
		{0AA53A8D-F16F-43FF-9291-CB4190E0B288}.Release|x86.Build.0 = Release|Win32
	EndGlobalSection
	GlobalSection(SolutionProperties) = preSolution
		HideSolutionNode = FALSE
	EndGlobalSection
	GlobalSection(ExtensibilityGlobals) = postSolution
		SolutionGuid = {932637FF-541F-46DD-ADF8-F5DCF3071D79}
	EndGlobalSection
EndGlobal
