
Microsoft Visual Studio Solution File, Format Version 12.00
# Visual Studio Version 16
VisualStudioVersion = 16.0.32802.440
MinimumVisualStudioVersion = 10.0.40219.1
Project("{8BC9CEB8-8B4A-11D0-8D11-00A0C91BC942}") = "Exercise 5", "Exercise 5.vcxproj", "{BC3360DB-F108-4375-9137-761B2E4CD516}"
EndProject
Global
	GlobalSection(SolutionConfigurationPlatforms) = preSolution
		Debug|x64 = Debug|x64
		Debug|x86 = Debug|x86
		Release|x64 = Release|x64
		Release|x86 = Release|x86
	EndGlobalSection
	GlobalSection(ProjectConfigurationPlatforms) = postSolution
		{BC3360DB-F108-4375-9137-761B2E4CD516}.Debug|x64.ActiveCfg = Debug|x64
		{BC3360DB-F108-4375-9137-761B2E4CD516}.Debug|x64.Build.0 = Debug|x64
		{BC3360DB-F108-4375-9137-761B2E4CD516}.Debug|x86.ActiveCfg = Debug|Win32
		{BC3360DB-F108-4375-9137-761B2E4CD516}.Debug|x86.Build.0 = Debug|Win32
		{BC3360DB-F108-4375-9137-761B2E4CD516}.Release|x64.ActiveCfg = Release|x64
		{BC3360DB-F108-4375-9137-761B2E4CD516}.Release|x64.Build.0 = Release|x64
		{BC3360DB-F108-4375-9137-761B2E4CD516}.Release|x86.ActiveCfg = Release|Win32
		{BC3360DB-F108-4375-9137-761B2E4CD516}.Release|x86.Build.0 = Release|Win32
	EndGlobalSection
	GlobalSection(SolutionProperties) = preSolution
		HideSolutionNode = FALSE
	EndGlobalSection
	GlobalSection(ExtensibilityGlobals) = postSolution
		SolutionGuid = {6375D754-0D02-472C-8BF8-F0082A9E652A}
	EndGlobalSection
EndGlobal
